{
  "name": "imvsfnd-site",
  "version": "1.0.0",
  "lockfileVersion": 1,
  "requires": true,
  "dependencies": {
    "moment": {
      "version": "2.24.0",
      "resolved": "https://registry.npmjs.org/moment/-/moment-2.24.0.tgz",
      "integrity": "sha512-bV7f+6l2QigeBBZSM/6yTNq4P2fNpSWj/0e7jQcy87A8e7o2nAfP/34/2ky5Vw4B9S446EtIhodAzkFCcR4dQg=="
    },
    "uniq": {
      "version": "1.0.1",
      "resolved": "https://registry.npmjs.org/uniq/-/uniq-1.0.1.tgz",
      "integrity": "sha1-sxxa6CVIRKOoKBVBzisEuGWnNP8="
    },
    "vanilla-lazyload": {
      "version": "12.0.0-beta.0",
      "resolved": "https://registry.npmjs.org/vanilla-lazyload/-/vanilla-lazyload-12.0.0-beta.0.tgz",
      "integrity": "sha512-5Ey8BDgeJE19iGw8x5ESRbEiBap4I5Jfqjcct5Y6Ym3On4g5zu71/efMhtlLrx2dKQxxxs4iacFGxdMHeRvB0w=="
    }
  }
}
